// !$*UTF8*$!
{
	archiveVersion = 1;
	classes = {
	};
	objectVersion = 46;
	objects = {

/* Begin PBXBuildFile section */
		882D955D1C4FE95F000C264B /* AppDelegate.swift in Sources */ = {isa = PBXBuildFile; fileRef = 882D955C1C4FE95F000C264B /* AppDelegate.swift */; };
		882D955F1C4FE95F000C264B /* ViewController.swift in Sources */ = {isa = PBXBuildFile; fileRef = 882D955E1C4FE95F000C264B /* ViewController.swift */; };
		882D95621C4FE960000C264B /* Main.storyboard in Resources */ = {isa = PBXBuildFile; fileRef = 882D95601C4FE960000C264B /* Main.storyboard */; };
		882D95641C4FE960000C264B /* Assets.xcassets in Resources */ = {isa = PBXBuildFile; fileRef = 882D95631C4FE960000C264B /* Assets.xcassets */; };
		882D95671C4FE960000C264B /* LaunchScreen.storyboard in Resources */ = {isa = PBXBuildFile; fileRef = 882D95651C4FE960000C264B /* LaunchScreen.storyboard */; };
		882D956F1C4FE97C000C264B /* FlipLabel.swift in Sources */ = {isa = PBXBuildFile; fileRef = 882D956E1C4FE97C000C264B /* FlipLabel.swift */; };
/* End PBXBuildFile section */

/* Begin PBXFileReference section */
		882D95591C4FE95F000C264B /* FlipLabel.app */ = {isa = PBXFileReference; explicitFileType = wrapper.application; includeInIndex = 0; path = FlipLabel.app; sourceTree = BUILT_PRODUCTS_DIR; };
		882D955C1C4FE95F000C264B /* AppDelegate.swift */ = {isa = PBXFileReference; lastKnownFileType = sourcecode.swift; path = AppDelegate.swift; sourceTree = "<group>"; };
		882D955E1C4FE95F000C264B /* ViewController.swift */ = {isa = PBXFileReference; lastKnownFileType = sourcecode.swift; path = ViewController.swift; sourceTree = "<group>"; };
		882D95611C4FE960000C264B /* Base */ = {isa = PBXFileReference; lastKnownFileType = file.storyboard; name = Base; path = Base.lproj/Main.storyboard; sourceTree = "<group>"; };
		882D95631C4FE960000C264B /* Assets.xcassets */ = {isa = PBXFileReference; lastKnownFileType = folder.assetcatalog; path = Assets.xcassets; sourceTree = "<group>"; };
		882D95661C4FE960000C264B /* Base */ = {isa = PBXFileReference; lastKnownFileType = file.storyboard; name = Base; path = Base.lproj/LaunchScreen.storyboard; sourceTree = "<group>"; };
		882D95681C4FE960000C264B /* Info.plist */ = {isa = PBXFileReference; lastKnownFileType = text.plist.xml; path = Info.plist; sourceTree = "<group>"; };
		882D956E1C4FE97C000C264B /* FlipLabel.swift */ = {isa = PBXFileReference; fileEncoding = 4; lastKnownFileType = sourcecode.swift; path = FlipLabel.swift; sourceTree = "<group>"; };
/* End PBXFileReference section */

/* Begin PBXFrameworksBuildPhase section */
		882D95561C4FE95F000C264B /* Frameworks */ = {
			isa = PBXFrameworksBuildPhase;
			buildActionMask = 2147483647;
			files = (
			);
			runOnlyForDeploymentPostprocessing = 0;
		};
/* End PBXFrameworksBuildPhase section */

/* Begin PBXGroup section */
		882D95501C4FE95F000C264B = {
			isa = PBXGroup;
			children = (
				882D955B1C4FE95F000C264B /* FlipLabel */,
				882D955A1C4FE95F000C264B /* Products */,
			);
			sourceTree = "<group>";
		};
		882D955A1C4FE95F000C264B /* Products */ = {
			isa = PBXGroup;
			children = (
				882D95591C4FE95F000C264B /* FlipLabel.app */,
			);
			name = Products;
			sourceTree = "<group>";
		};
		882D955B1C4FE95F000C264B /* FlipLabel */ = {
			isa = PBXGroup;
			children = (
				882D955C1C4FE95F000C264B /* AppDelegate.swift */,
				882D955E1C4FE95F000C264B /* ViewController.swift */,
				882D95601C4FE960000C264B /* Main.storyboard */,
				882D95631C4FE960000C264B /* Assets.xcassets */,
				882D95651C4FE960000C264B /* LaunchScreen.storyboard */,
				882D95681C4FE960000C264B /* Info.plist */,
				882D956E1C4FE97C000C264B /* FlipLabel.swift */,
			);
			path = FlipLabel;
			sourceTree = "<group>";
		};
/* End PBXGroup section */

/* Begin PBXNativeTarget section */
		882D95581C4FE95F000C264B /* FlipLabel */ = {
			isa = PBXNativeTarget;
			buildConfigurationList = 882D956B1C4FE960000C264B /* Build configuration list for PBXNativeTarget "FlipLabel" */;
			buildPhases = (
				882D95551C4FE95F000C264B /* Sources */,
				882D95561C4FE95F000C264B /* Frameworks */,
				882D95571C4FE95F000C264B /* Resources */,
			);
			buildRules = (
			);
			dependencies = (
			);
			name = FlipLabel;
			productName = FlipLabel;
			productReference = 882D95591C4FE95F000C264B /* FlipLabel.app */;
			productType = "com.apple.product-type.application";
		};
/* End PBXNativeTarget section */

/* Begin PBXProject section */
		882D95511C4FE95F000C264B /* Project object */ = {
			isa = PBXProject;
			attributes = {
				LastSwiftUpdateCheck = 0720;
				LastUpgradeCheck = 0900;
				ORGANIZATIONNAME = blk;
				TargetAttributes = {
					882D95581C4FE95F000C264B = {
						CreatedOnToolsVersion = 7.2;
						DevelopmentTeam = 8A7X4PEZU7;
					};
				};
			};
			buildConfigurationList = 882D95541C4FE95F000C264B /* Build configuration list for PBXProject "FlipLabel" */;
			compatibilityVersion = "Xcode 3.2";
			developmentRegion = English;
			hasScannedForEncodings = 0;
			knownRegions = (
				en,
				Base,
			);
			mainGroup = 882D95501C4FE95F000C264B;
			productRefGroup = 882D955A1C4FE95F000C264B /* Products */;
			projectDirPath = "";
			projectRoot = "";
			targets = (
				882D95581C4FE95F000C264B /* FlipLabel */,
			);
		};
/* End PBXProject section */

/* Begin PBXResourcesBuildPhase section */
		882D95571C4FE95F000C264B /* Resources */ = {
			isa = PBXResourcesBuildPhase;
			buildActionMask = 2147483647;
			files = (
				882D95671C4FE960000C264B /* LaunchScreen.storyboard in Resources */,
				882D95641C4FE960000C264B /* Assets.xcassets in Resources */,
				882D95621C4FE960000C264B /* Main.storyboard in Resources */,
			);
			runOnlyForDeploymentPostprocessing = 0;
		};
/* End PBXResourcesBuildPhase section */

/* Begin PBXSourcesBuildPhase section */
		882D95551C4FE95F000C264B /* Sources */ = {
			isa = PBXSourcesBuildPhase;
			buildActionMask = 2147483647;
			files = (
				882D955F1C4FE95F000C264B /* ViewController.swift in Sources */,
				882D956F1C4FE97C000C264B /* FlipLabel.swift in Sources */,
				882D955D1C4FE95F000C264B /* AppDelegate.swift in Sources */,
			);
			runOnlyForDeploymentPostprocessing = 0;
		};
/* End PBXSourcesBuildPhase section */

/* Begin PBXVariantGroup section */
		882D95601C4FE960000C264B /* Main.storyboard */ = {
			isa = PBXVariantGroup;
			children = (
				882D95611C4FE960000C264B /* Base */,
			);
			name = Main.storyboard;
			sourceTree = "<group>";
		};
		882D95651C4FE960000C264B /* LaunchScreen.storyboard */ = {
			isa = PBXVariantGroup;
			children = (
				882D95661C4FE960000C264B /* Base */,
			);
			name = LaunchScreen.storyboard;
			sourceTree = "<group>";
		};
/* End PBXVariantGroup section */

/* Begin XCBuildConfiguration section */
		882D95691C4FE960000C264B /* Debug */ = {
			isa = XCBuildConfiguration;
			buildSettings = {
				ALWAYS_SEARCH_USER_PATHS = NO;
				CLANG_CXX_LANGUAGE_STANDARD = "gnu++0x";
				CLANG_CXX_LIBRARY = "libc++";
				CLANG_ENABLE_MODULES = YES;
				CLANG_ENABLE_OBJC_ARC = YES;
				CLANG_WARN_BLOCK_CAPTURE_AUTORELEASING = YES;
				CLANG_WARN_BOOL_CONVERSION = YES;
				CLANG_WARN_COMMA = YES;
				CLANG_WARN_CONSTANT_CONVERSION = YES;
				CLANG_WARN_DIRECT_OBJC_ISA_USAGE = YES_ERROR;
				CLANG_WARN_EMPTY_BODY = YES;
				CLANG_WARN_ENUM_CONVERSION = YES;
				CLANG_WARN_INFINITE_RECURSION = YES;
				CLANG_WARN_INT_CONVERSION = YES;
				CLANG_WARN_NON_LITERAL_NULL_CONVERSION = YES;
				CLANG_WARN_OBJC_LITERAL_CONVERSION = YES;
				CLANG_WARN_OBJC_ROOT_CLASS = YES_ERROR;
				CLANG_WARN_RANGE_LOOP_ANALYSIS = YES;
				CLANG_WARN_STRICT_PROTOTYPES = YES;
				CLANG_WARN_SUSPICIOUS_MOVE = YES;
				CLANG_WARN_UNREACHABLE_CODE = YES;
				CLANG_WARN__DUPLICATE_METHOD_MATCH = YES;
				"CODE_SIGN_IDENTITY[sdk=iphoneos*]" = "iPhone Developer";
				COPY_PHASE_STRIP = NO;
				DEBUG_INFORMATION_FORMAT = dwarf;
				ENABLE_STRICT_OBJC_MSGSEND = YES;
				ENABLE_TESTABILITY = YES;
				GCC_C_LANGUAGE_STANDARD = gnu99;
				GCC_DYNAMIC_NO_PIC = NO;
				GCC_NO_COMMON_BLOCKS = YES;
				GCC_OPTIMIZATION_LEVEL = 0;
				GCC_PREPROCESSOR_DEFINITIONS = (
					"DEBUG=1",
					"$(inherited)",
				);
				GCC_WARN_64_TO_32_BIT_CONVERSION = YES;
				GCC_WARN_ABOUT_RETURN_TYPE = YES_ERROR;
				GCC_WARN_UNDECLARED_SELECTOR = YES;
				GCC_WARN_UNINITIALIZED_AUTOS = YES_AGGRESSIVE;
				GCC_WARN_UNUSED_FUNCTION = YES;
				GCC_WARN_UNUSED_VARIABLE = YES;
				IPHONEOS_DEPLOYMENT_TARGET = 9.2;
				MTL_ENABLE_DEBUG_INFO = YES;
				ONLY_ACTIVE_ARCH = YES;
				SDKROOT = iphoneos;
				SWIFT_OPTIMIZATION_LEVEL = "-Onone";
				SWIFT_VERSION = 4.0;
				TARGETED_DEVICE_FAMILY = "1,2";
			};
			name = Debug;
		};
		882D956A1C4FE960000C264B /* Release */ = {
			isa = XCBuildConfiguration;
			buildSettings = {
				ALWAYS_SEARCH_USER_PATHS = NO;
				CLANG_CXX_LANGUAGE_STANDARD = "gnu++0x";
				CLANG_CXX_LIBRARY = "libc++";
				CLANG_ENABLE_MODULES = YES;
				CLANG_ENABLE_OBJC_ARC = YES;
				CLANG_WARN_BLOCK_CAPTURE_AUTORELEASING = YES;
				CLANG_WARN_BOOL_CONVERSION = YES;
				CLANG_WARN_COMMA = YES;
				CLANG_WARN_CONSTANT_CONVERSION = YES;
				CLANG_WARN_DIRECT_OBJC_ISA_USAGE = YES_ERROR;
				CLANG_WARN_EMPTY_BODY = YES;
				CLANG_WARN_ENUM_CONVERSION = YES;
				CLANG_WARN_INFINITE_RECURSION = YES;
				CLANG_WARN_INT_CONVERSION = YES;
				CLANG_WARN_NON_LITERAL_NULL_CONVERSION = YES;
				CLANG_WARN_OBJC_LITERAL_CONVERSION = YES;
				CLANG_WARN_OBJC_ROOT_CLASS = YES_ERROR;
				CLANG_WARN_RANGE_LOOP_ANALYSIS = YES;
				CLANG_WARN_STRICT_PROTOTYPES = YES;
				CLANG_WARN_SUSPICIOUS_MOVE = YES;
				CLANG_WARN_UNREACHABLE_CODE = YES;
				CLANG_WARN__DUPLICATE_METHOD_MATCH = YES;
				"CODE_SIGN_IDENTITY[sdk=iphoneos*]" = "iPhone Developer";
				COPY_PHASE_STRIP = NO;
				DEBUG_INFORMATION_FORMAT = "dwarf-with-dsym";
				ENABLE_NS_ASSERTIONS = NO;
				ENABLE_STRICT_OBJC_MSGSEND = YES;
				GCC_C_LANGUAGE_STANDARD = gnu99;
				GCC_NO_COMMON_BLOCKS = YES;
				GCC_WARN_64_TO_32_BIT_CONVERSION = YES;
				GCC_WARN_ABOUT_RETURN_TYPE = YES_ERROR;
				GCC_WARN_UNDECLARED_SELECTOR = YES;
				GCC_WARN_UNINITIALIZED_AUTOS = YES_AGGRESSIVE;
				GCC_WARN_UNUSED_FUNCTION = YES;
				GCC_WARN_UNUSED_VARIABLE = YES;
				IPHONEOS_DEPLOYMENT_TARGET = 9.2;
				MTL_ENABLE_DEBUG_INFO = NO;
				SDKROOT = iphoneos;
				SWIFT_OPTIMIZATION_LEVEL = "-Owholemodule";
				SWIFT_VERSION = 4.0;
				TARGETED_DEVICE_FAMILY = "1,2";
				VALIDATE_PRODUCT = YES;
			};
			name = Release;
		};
		882D956C1C4FE960000C264B /* Debug */ = {
			isa = XCBuildConfiguration;
			buildSettings = {
				ASSETCATALOG_COMPILER_APPICON_NAME = AppIcon;
				DEVELOPMENT_TEAM = 8A7X4PEZU7;
				INFOPLIST_FILE = FlipLabel/Info.plist;
				LD_RUNPATH_SEARCH_PATHS = "$(inherited) @executable_path/Frameworks";
				PRODUCT_BUNDLE_IDENTIFIER = jp.blk.FlipLabel;
				PRODUCT_NAME = "$(TARGET_NAME)";
			};
			name = Debug;
		};
		882D956D1C4FE960000C264B /* Release */ = {
			isa = XCBuildConfiguration;
			buildSettings = {
				ASSETCATALOG_COMPILER_APPICON_NAME = AppIcon;
				DEVELOPMENT_TEAM = 8A7X4PEZU7;
				INFOPLIST_FILE = FlipLabel/Info.plist;
				LD_RUNPATH_SEARCH_PATHS = "$(inherited) @executable_path/Frameworks";
				PRODUCT_BUNDLE_IDENTIFIER = jp.blk.FlipLabel;
				PRODUCT_NAME = "$(TARGET_NAME)";
			};
			name = Release;
		};
/* End XCBuildConfiguration section */

/* Begin XCConfigurationList section */
		882D95541C4FE95F000C264B /* Build configuration list for PBXProject "FlipLabel" */ = {
			isa = XCConfigurationList;
			buildConfigurations = (
				882D95691C4FE960000C264B /* Debug */,
				882D956A1C4FE960000C264B /* Release */,
			);
			defaultConfigurationIsVisible = 0;
			defaultConfigurationName = Release;
		};
		882D956B1C4FE960000C264B /* Build configuration list for PBXNativeTarget "FlipLabel" */ = {
			isa = XCConfigurationList;
			buildConfigurations = (
				882D956C1C4FE960000C264B /* Debug */,
				882D956D1C4FE960000C264B /* Release */,
			);
			defaultConfigurationIsVisible = 0;
			defaultConfigurationName = Release;
		};
/* End XCConfigurationList section */
	};
	rootObject = 882D95511C4FE95F000C264B /* Project object */;
}
